// !$*UTF8*$!
{
	archiveVersion = 1;
	classes = {
	};
	objectVersion = 56;
	objects = {

/* Begin PBXBuildFile section */
		4A5D5F672C76232500EF5898 /* fooApp.swift in Sources */ = {isa = PBXBuildFile; fileRef = 4A5D5F662C76232500EF5898 /* fooApp.swift */; };
		4A5D5F692C76232500EF5898 /* ContentView.swift in Sources */ = {isa = PBXBuildFile; fileRef = 4A5D5F682C76232500EF5898 /* ContentView.swift */; };
		4A5D5F6B2C76232600EF5898 /* Assets.xcassets in Resources */ = {isa = PBXBuildFile; fileRef = 4A5D5F6A2C76232600EF5898 /* Assets.xcassets */; };
		4A5D5F6E2C76232600EF5898 /* Preview Assets.xcassets in Resources */ = {isa = PBXBuildFile; fileRef = 4A5D5F6D2C76232600EF5898 /* Preview Assets.xcassets */; };
		4A5D5F782C76232600EF5898 /* fooTests.swift in Sources */ = {isa = PBXBuildFile; fileRef = 4A5D5F772C76232600EF5898 /* fooTests.swift */; };
		4A5D5F822C76232600EF5898 /* fooUITests.swift in Sources */ = {isa = PBXBuildFile; fileRef = 4A5D5F812C76232600EF5898 /* fooUITests.swift */; };
		4A5D5F842C76232600EF5898 /* fooUITestsLaunchTests.swift in Sources */ = {isa = PBXBuildFile; fileRef = 4A5D5F832C76232600EF5898 /* fooUITestsLaunchTests.swift */; };
/* End PBXBuildFile section */

/* Begin PBXContainerItemProxy section */
		4A5D5F742C76232600EF5898 /* PBXContainerItemProxy */ = {
			isa = PBXContainerItemProxy;
			containerPortal = 4A5D5F5B2C76232500EF5898 /* Project object */;
			proxyType = 1;
			remoteGlobalIDString = 4A5D5F622C76232500EF5898;
			remoteInfo = foo;
		};
		4A5D5F7E2C76232600EF5898 /* PBXContainerItemProxy */ = {
			isa = PBXContainerItemProxy;
			containerPortal = 4A5D5F5B2C76232500EF5898 /* Project object */;
			proxyType = 1;
			remoteGlobalIDString = 4A5D5F622C76232500EF5898;
			remoteInfo = foo;
		};
/* End PBXContainerItemProxy section */

/* Begin PBXFileReference section */
		4A5D5F632C76232500EF5898 /* foo.app */ = {isa = PBXFileReference; explicitFileType = wrapper.application; includeInIndex = 0; path = foo.app; sourceTree = BUILT_PRODUCTS_DIR; };
		4A5D5F662C76232500EF5898 /* fooApp.swift */ = {isa = PBXFileReference; lastKnownFileType = sourcecode.swift; path = fooApp.swift; sourceTree = "<group>"; };
		4A5D5F682C76232500EF5898 /* ContentView.swift */ = {isa = PBXFileReference; lastKnownFileType = sourcecode.swift; path = ContentView.swift; sourceTree = "<group>"; };
		4A5D5F6A2C76232600EF5898 /* Assets.xcassets */ = {isa = PBXFileReference; lastKnownFileType = folder.assetcatalog; path = Assets.xcassets; sourceTree = "<group>"; };
		4A5D5F6D2C76232600EF5898 /* Preview Assets.xcassets */ = {isa = PBXFileReference; lastKnownFileType = folder.assetcatalog; path = "Preview Assets.xcassets"; sourceTree = "<group>"; };
		4A5D5F732C76232600EF5898 /* fooTests.xctest */ = {isa = PBXFileReference; explicitFileType = wrapper.cfbundle; includeInIndex = 0; path = fooTests.xctest; sourceTree = BUILT_PRODUCTS_DIR; };
		4A5D5F772C76232600EF5898 /* fooTests.swift */ = {isa = PBXFileReference; lastKnownFileType = sourcecode.swift; path = fooTests.swift; sourceTree = "<group>"; };
		4A5D5F7D2C76232600EF5898 /* fooUITests.xctest */ = {isa = PBXFileReference; explicitFileType = wrapper.cfbundle; includeInIndex = 0; path = fooUITests.xctest; sourceTree = BUILT_PRODUCTS_DIR; };
		4A5D5F812C76232600EF5898 /* fooUITests.swift */ = {isa = PBXFileReference; lastKnownFileType = sourcecode.swift; path = fooUITests.swift; sourceTree = "<group>"; };
		4A5D5F832C76232600EF5898 /* fooUITestsLaunchTests.swift */ = {isa = PBXFileReference; lastKnownFileType = sourcecode.swift; path = fooUITestsLaunchTests.swift; sourceTree = "<group>"; };
/* End PBXFileReference section */

/* Begin PBXFrameworksBuildPhase section */
		4A5D5F602C76232500EF5898 /* Frameworks */ = {
			isa = PBXFrameworksBuildPhase;
			buildActionMask = 2147483647;
			files = (
			);
			runOnlyForDeploymentPostprocessing = 0;
		};
		4A5D5F702C76232600EF5898 /* Frameworks */ = {
			isa = PBXFrameworksBuildPhase;
			buildActionMask = 2147483647;
			files = (
			);
			runOnlyForDeploymentPostprocessing = 0;
		};
		4A5D5F7A2C76232600EF5898 /* Frameworks */ = {
			isa = PBXFrameworksBuildPhase;
			buildActionMask = 2147483647;
			files = (
			);
			runOnlyForDeploymentPostprocessing = 0;
		};
/* End PBXFrameworksBuildPhase section */

/* Begin PBXGroup section */
		4A5D5F5A2C76232500EF5898 = {
			isa = PBXGroup;
			children = (
				4A5D5F652C76232500EF5898 /* foo */,
				4A5D5F762C76232600EF5898 /* fooTests */,
				4A5D5F802C76232600EF5898 /* fooUITests */,
				4A5D5F642C76232500EF5898 /* Products */,
			);
			sourceTree = "<group>";
		};
		4A5D5F642C76232500EF5898 /* Products */ = {
			isa = PBXGroup;
			children = (
				4A5D5F632C76232500EF5898 /* foo.app */,
				4A5D5F732C76232600EF5898 /* fooTests.xctest */,
				4A5D5F7D2C76232600EF5898 /* fooUITests.xctest */,
			);
			name = Products;
			sourceTree = "<group>";
		};
		4A5D5F652C76232500EF5898 /* foo */ = {
			isa = PBXGroup;
			children = (
				4A5D5F662C76232500EF5898 /* fooApp.swift */,
				4A5D5F682C76232500EF5898 /* ContentView.swift */,
				4A5D5F6A2C76232600EF5898 /* Assets.xcassets */,
				4A5D5F6C2C76232600EF5898 /* Preview Content */,
			);
			path = foo;
			sourceTree = "<group>";
		};
		4A5D5F6C2C76232600EF5898 /* Preview Content */ = {
			isa = PBXGroup;
			children = (
				4A5D5F6D2C76232600EF5898 /* Preview Assets.xcassets */,
			);
			path = "Preview Content";
			sourceTree = "<group>";
		};
		4A5D5F762C76232600EF5898 /* fooTests */ = {
			isa = PBXGroup;
			children = (
				4A5D5F772C76232600EF5898 /* fooTests.swift */,
			);
			path = fooTests;
			sourceTree = "<group>";
		};
		4A5D5F802C76232600EF5898 /* fooUITests */ = {
			isa = PBXGroup;
			children = (
				4A5D5F812C76232600EF5898 /* fooUITests.swift */,
				4A5D5F832C76232600EF5898 /* fooUITestsLaunchTests.swift */,
			);
			path = fooUITests;
			sourceTree = "<group>";
		};
/* End PBXGroup section */

/* Begin PBXNativeTarget section */
		4A5D5F622C76232500EF5898 /* foo */ = {
			isa = PBXNativeTarget;
			buildConfigurationList = 4A5D5F872C76232600EF5898 /* Build configuration list for PBXNativeTarget "foo" */;
			buildPhases = (
				4A5D5F5F2C76232500EF5898 /* Sources */,
				4A5D5F602C76232500EF5898 /* Frameworks */,
				4A5D5F612C76232500EF5898 /* Resources */,
			);
			buildRules = (
			);
			dependencies = (
			);
			name = foo;
			productName = foo;
			productReference = 4A5D5F632C76232500EF5898 /* foo.app */;
			productType = "com.apple.product-type.application";
		};
		4A5D5F722C76232600EF5898 /* fooTests */ = {
			isa = PBXNativeTarget;
			buildConfigurationList = 4A5D5F8A2C76232600EF5898 /* Build configuration list for PBXNativeTarget "fooTests" */;
			buildPhases = (
				4A5D5F6F2C76232600EF5898 /* Sources */,
				4A5D5F702C76232600EF5898 /* Frameworks */,
				4A5D5F712C76232600EF5898 /* Resources */,
			);
			buildRules = (
			);
			dependencies = (
				4A5D5F752C76232600EF5898 /* PBXTargetDependency */,
			);
			name = fooTests;
			productName = fooTests;
			productReference = 4A5D5F732C76232600EF5898 /* fooTests.xctest */;
			productType = "com.apple.product-type.bundle.unit-test";
		};
		4A5D5F7C2C76232600EF5898 /* fooUITests */ = {
			isa = PBXNativeTarget;
			buildConfigurationList = 4A5D5F8D2C76232600EF5898 /* Build configuration list for PBXNativeTarget "fooUITests" */;
			buildPhases = (
				4A5D5F792C76232600EF5898 /* Sources */,
				4A5D5F7A2C76232600EF5898 /* Frameworks */,
				4A5D5F7B2C76232600EF5898 /* Resources */,
			);
			buildRules = (
			);
			dependencies = (
				4A5D5F7F2C76232600EF5898 /* PBXTargetDependency */,
			);
			name = fooUITests;
			productName = fooUITests;
			productReference = 4A5D5F7D2C76232600EF5898 /* fooUITests.xctest */;
			productType = "com.apple.product-type.bundle.ui-testing";
		};
/* End PBXNativeTarget section */

/* Begin PBXProject section */
		4A5D5F5B2C76232500EF5898 /* Project object */ = {
			isa = PBXProject;
			attributes = {
				BuildIndependentTargetsInParallel = 1;
				LastSwiftUpdateCheck = 1540;
				LastUpgradeCheck = 1540;
				TargetAttributes = {
					4A5D5F622C76232500EF5898 = {
						CreatedOnToolsVersion = 15.4;
					};
					4A5D5F722C76232600EF5898 = {
						CreatedOnToolsVersion = 15.4;
						TestTargetID = 4A5D5F622C76232500EF5898;
					};
					4A5D5F7C2C76232600EF5898 = {
						CreatedOnToolsVersion = 15.4;
						TestTargetID = 4A5D5F622C76232500EF5898;
					};
				};
			};
			buildConfigurationList = 4A5D5F5E2C76232500EF5898 /* Build configuration list for PBXProject "foo" */;
			compatibilityVersion = "Xcode 14.0";
			developmentRegion = en;
			hasScannedForEncodings = 0;
			knownRegions = (
				en,
				Base,
			);
			mainGroup = 4A5D5F5A2C76232500EF5898;
			productRefGroup = 4A5D5F642C76232500EF5898 /* Products */;
			projectDirPath = "";
			projectRoot = "";
			targets = (
				4A5D5F622C76232500EF5898 /* foo */,
				4A5D5F722C76232600EF5898 /* fooTests */,
				4A5D5F7C2C76232600EF5898 /* fooUITests */,
			);
		};
/* End PBXProject section */

/* Begin PBXResourcesBuildPhase section */
		4A5D5F612C76232500EF5898 /* Resources */ = {
			isa = PBXResourcesBuildPhase;
			buildActionMask = 2147483647;
			files = (
				4A5D5F6E2C76232600EF5898 /* Preview Assets.xcassets in Resources */,
				4A5D5F6B2C76232600EF5898 /* Assets.xcassets in Resources */,
			);
			runOnlyForDeploymentPostprocessing = 0;
		};
		4A5D5F712C76232600EF5898 /* Resources */ = {
			isa = PBXResourcesBuildPhase;
			buildActionMask = 2147483647;
			files = (
			);
			runOnlyForDeploymentPostprocessing = 0;
		};
		4A5D5F7B2C76232600EF5898 /* Resources */ = {
			isa = PBXResourcesBuildPhase;
			buildActionMask = 2147483647;
			files = (
			);
			runOnlyForDeploymentPostprocessing = 0;
		};
/* End PBXResourcesBuildPhase section */

/* Begin PBXSourcesBuildPhase section */
		4A5D5F5F2C76232500EF5898 /* Sources */ = {
			isa = PBXSourcesBuildPhase;
			buildActionMask = 2147483647;
			files = (
				4A5D5F692C76232500EF5898 /* ContentView.swift in Sources */,
				4A5D5F672C76232500EF5898 /* fooApp.swift in Sources */,
			);
			runOnlyForDeploymentPostprocessing = 0;
		};
		4A5D5F6F2C76232600EF5898 /* Sources */ = {
			isa = PBXSourcesBuildPhase;
			buildActionMask = 2147483647;
			files = (
				4A5D5F782C76232600EF5898 /* fooTests.swift in Sources */,
			);
			runOnlyForDeploymentPostprocessing = 0;
		};
		4A5D5F792C76232600EF5898 /* Sources */ = {
			isa = PBXSourcesBuildPhase;
			buildActionMask = 2147483647;
			files = (
				4A5D5F822C76232600EF5898 /* fooUITests.swift in Sources */,
				4A5D5F842C76232600EF5898 /* fooUITestsLaunchTests.swift in Sources */,
			);
			runOnlyForDeploymentPostprocessing = 0;
		};
/* End PBXSourcesBuildPhase section */

/* Begin PBXTargetDependency section */
		4A5D5F752C76232600EF5898 /* PBXTargetDependency */ = {
			isa = PBXTargetDependency;
			target = 4A5D5F622C76232500EF5898 /* foo */;
			targetProxy = 4A5D5F742C76232600EF5898 /* PBXContainerItemProxy */;
		};
		4A5D5F7F2C76232600EF5898 /* PBXTargetDependency */ = {
			isa = PBXTargetDependency;
			target = 4A5D5F622C76232500EF5898 /* foo */;
			targetProxy = 4A5D5F7E2C76232600EF5898 /* PBXContainerItemProxy */;
		};
/* End PBXTargetDependency section */

/* Begin XCBuildConfiguration section */
		4A5D5F852C76232600EF5898 /* Debug */ = {
			isa = XCBuildConfiguration;
			buildSettings = {
				ALWAYS_SEARCH_USER_PATHS = NO;
				ASSETCATALOG_COMPILER_GENERATE_SWIFT_ASSET_SYMBOL_EXTENSIONS = YES;
				CLANG_ANALYZER_NONNULL = YES;
				CLANG_ANALYZER_NUMBER_OBJECT_CONVERSION = YES_AGGRESSIVE;
				CLANG_CXX_LANGUAGE_STANDARD = "gnu++20";
				CLANG_ENABLE_MODULES = YES;
				CLANG_ENABLE_OBJC_ARC = YES;
				CLANG_ENABLE_OBJC_WEAK = YES;
				CLANG_WARN_BLOCK_CAPTURE_AUTORELEASING = YES;
				CLANG_WARN_BOOL_CONVERSION = YES;
				CLANG_WARN_COMMA = YES;
				CLANG_WARN_CONSTANT_CONVERSION = YES;
				CLANG_WARN_DEPRECATED_OBJC_IMPLEMENTATIONS = YES;
				CLANG_WARN_DIRECT_OBJC_ISA_USAGE = YES_ERROR;
				CLANG_WARN_DOCUMENTATION_COMMENTS = YES;
				CLANG_WARN_EMPTY_BODY = YES;
				CLANG_WARN_ENUM_CONVERSION = YES;
				CLANG_WARN_INFINITE_RECURSION = YES;
				CLANG_WARN_INT_CONVERSION = YES;
				CLANG_WARN_NON_LITERAL_NULL_CONVERSION = YES;
				CLANG_WARN_OBJC_IMPLICIT_RETAIN_SELF = YES;
				CLANG_WARN_OBJC_LITERAL_CONVERSION = YES;
				CLANG_WARN_OBJC_ROOT_CLASS = YES_ERROR;
				CLANG_WARN_QUOTED_INCLUDE_IN_FRAMEWORK_HEADER = YES;
				CLANG_WARN_RANGE_LOOP_ANALYSIS = YES;
				CLANG_WARN_STRICT_PROTOTYPES = YES;
				CLANG_WARN_SUSPICIOUS_MOVE = YES;
				CLANG_WARN_UNGUARDED_AVAILABILITY = YES_AGGRESSIVE;
				CLANG_WARN_UNREACHABLE_CODE = YES;
				CLANG_WARN__DUPLICATE_METHOD_MATCH = YES;
				COPY_PHASE_STRIP = NO;
				DEBUG_INFORMATION_FORMAT = dwarf;
				ENABLE_STRICT_OBJC_MSGSEND = YES;
				ENABLE_TESTABILITY = YES;
				ENABLE_USER_SCRIPT_SANDBOXING = YES;
				GCC_C_LANGUAGE_STANDARD = gnu17;
				GCC_DYNAMIC_NO_PIC = NO;
				GCC_NO_COMMON_BLOCKS = YES;
				GCC_OPTIMIZATION_LEVEL = 0;
				GCC_PREPROCESSOR_DEFINITIONS = (
					"DEBUG=1",
					"$(inherited)",
				);
				GCC_WARN_64_TO_32_BIT_CONVERSION = YES;
				GCC_WARN_ABOUT_RETURN_TYPE = YES_ERROR;
				GCC_WARN_UNDECLARED_SELECTOR = YES;
				GCC_WARN_UNINITIALIZED_AUTOS = YES_AGGRESSIVE;
				GCC_WARN_UNUSED_FUNCTION = YES;
				GCC_WARN_UNUSED_VARIABLE = YES;
				IPHONEOS_DEPLOYMENT_TARGET = 17.5;
				LOCALIZATION_PREFERS_STRING_CATALOGS = YES;
				MTL_ENABLE_DEBUG_INFO = INCLUDE_SOURCE;
				MTL_FAST_MATH = YES;
				ONLY_ACTIVE_ARCH = YES;
				SDKROOT = iphoneos;
				SWIFT_ACTIVE_COMPILATION_CONDITIONS = "DEBUG $(inherited)";
				SWIFT_OPTIMIZATION_LEVEL = "-Onone";
			};
			name = Debug;
		};
		4A5D5F862C76232600EF5898 /* Release */ = {
			isa = XCBuildConfiguration;
			buildSettings = {
				ALWAYS_SEARCH_USER_PATHS = NO;
				ASSETCATALOG_COMPILER_GENERATE_SWIFT_ASSET_SYMBOL_EXTENSIONS = YES;
				CLANG_ANALYZER_NONNULL = YES;
				CLANG_ANALYZER_NUMBER_OBJECT_CONVERSION = YES_AGGRESSIVE;
				CLANG_CXX_LANGUAGE_STANDARD = "gnu++20";
				CLANG_ENABLE_MODULES = YES;
				CLANG_ENABLE_OBJC_ARC = YES;
				CLANG_ENABLE_OBJC_WEAK = YES;
				CLANG_WARN_BLOCK_CAPTURE_AUTORELEASING = YES;
				CLANG_WARN_BOOL_CONVERSION = YES;
				CLANG_WARN_COMMA = YES;
				CLANG_WARN_CONSTANT_CONVERSION = YES;
				CLANG_WARN_DEPRECATED_OBJC_IMPLEMENTATIONS = YES;
				CLANG_WARN_DIRECT_OBJC_ISA_USAGE = YES_ERROR;
				CLANG_WARN_DOCUMENTATION_COMMENTS = YES;
				CLANG_WARN_EMPTY_BODY = YES;
				CLANG_WARN_ENUM_CONVERSION = YES;
				CLANG_WARN_INFINITE_RECURSION = YES;
				CLANG_WARN_INT_CONVERSION = YES;
				CLANG_WARN_NON_LITERAL_NULL_CONVERSION = YES;
				CLANG_WARN_OBJC_IMPLICIT_RETAIN_SELF = YES;
				CLANG_WARN_OBJC_LITERAL_CONVERSION = YES;
				CLANG_WARN_OBJC_ROOT_CLASS = YES_ERROR;
				CLANG_WARN_QUOTED_INCLUDE_IN_FRAMEWORK_HEADER = YES;
				CLANG_WARN_RANGE_LOOP_ANALYSIS = YES;
				CLANG_WARN_STRICT_PROTOTYPES = YES;
				CLANG_WARN_SUSPICIOUS_MOVE = YES;
				CLANG_WARN_UNGUARDED_AVAILABILITY = YES_AGGRESSIVE;
				CLANG_WARN_UNREACHABLE_CODE = YES;
				CLANG_WARN__DUPLICATE_METHOD_MATCH = YES;
				COPY_PHASE_STRIP = NO;
				DEBUG_INFORMATION_FORMAT = "dwarf-with-dsym";
				ENABLE_NS_ASSERTIONS = NO;
				ENABLE_STRICT_OBJC_MSGSEND = YES;
				ENABLE_USER_SCRIPT_SANDBOXING = YES;
				GCC_C_LANGUAGE_STANDARD = gnu17;
				GCC_NO_COMMON_BLOCKS = YES;
				GCC_WARN_64_TO_32_BIT_CONVERSION = YES;
				GCC_WARN_ABOUT_RETURN_TYPE = YES_ERROR;
				GCC_WARN_UNDECLARED_SELECTOR = YES;
				GCC_WARN_UNINITIALIZED_AUTOS = YES_AGGRESSIVE;
				GCC_WARN_UNUSED_FUNCTION = YES;
				GCC_WARN_UNUSED_VARIABLE = YES;
				IPHONEOS_DEPLOYMENT_TARGET = 17.5;
				LOCALIZATION_PREFERS_STRING_CATALOGS = YES;
				MTL_ENABLE_DEBUG_INFO = NO;
				MTL_FAST_MATH = YES;
				SDKROOT = iphoneos;
				SWIFT_COMPILATION_MODE = wholemodule;
				VALIDATE_PRODUCT = YES;
			};
			name = Release;
		};
		4A5D5F882C76232600EF5898 /* Debug */ = {
			isa = XCBuildConfiguration;
			buildSettings = {
				ASSETCATALOG_COMPILER_APPICON_NAME = AppIcon;
				ASSETCATALOG_COMPILER_GLOBAL_ACCENT_COLOR_NAME = AccentColor;
				CODE_SIGN_STYLE = Automatic;
				CURRENT_PROJECT_VERSION = 1;
				DEVELOPMENT_ASSET_PATHS = "\"foo/Preview Content\"";
				DEVELOPMENT_TEAM = 4MU6QM22C8;
				ENABLE_PREVIEWS = YES;
				GENERATE_INFOPLIST_FILE = YES;
				INFOPLIST_KEY_UIApplicationSceneManifest_Generation = YES;
				INFOPLIST_KEY_UIApplicationSupportsIndirectInputEvents = YES;
				INFOPLIST_KEY_UILaunchScreen_Generation = YES;
				INFOPLIST_KEY_UISupportedInterfaceOrientations_iPad = "UIInterfaceOrientationPortrait UIInterfaceOrientationPortraitUpsideDown UIInterfaceOrientationLandscapeLeft UIInterfaceOrientationLandscapeRight";
				INFOPLIST_KEY_UISupportedInterfaceOrientations_iPhone = "UIInterfaceOrientationPortrait UIInterfaceOrientationLandscapeLeft UIInterfaceOrientationLandscapeRight";
				LD_RUNPATH_SEARCH_PATHS = (
					"$(inherited)",
					"@executable_path/Frameworks",
				);
				MARKETING_VERSION = 1.0;
				PRODUCT_BUNDLE_IDENTIFIER = com.blueinfy.foo;
				PRODUCT_NAME = "$(TARGET_NAME)";
				SWIFT_EMIT_LOC_STRINGS = YES;
				SWIFT_VERSION = 5.0;
				TARGETED_DEVICE_FAMILY = "1,2";
			};
			name = Debug;
		};
		4A5D5F892C76232600EF5898 /* Release */ = {
			isa = XCBuildConfiguration;
			buildSettings = {
				ASSETCATALOG_COMPILER_APPICON_NAME = AppIcon;
				ASSETCATALOG_COMPILER_GLOBAL_ACCENT_COLOR_NAME = AccentColor;
				CODE_SIGN_STYLE = Automatic;
				CURRENT_PROJECT_VERSION = 1;
				DEVELOPMENT_ASSET_PATHS = "\"foo/Preview Content\"";
				DEVELOPMENT_TEAM = 4MU6QM22C8;
				ENABLE_PREVIEWS = YES;
				GENERATE_INFOPLIST_FILE = YES;
				INFOPLIST_KEY_UIApplicationSceneManifest_Generation = YES;
				INFOPLIST_KEY_UIApplicationSupportsIndirectInputEvents = YES;
				INFOPLIST_KEY_UILaunchScreen_Generation = YES;
				INFOPLIST_KEY_UISupportedInterfaceOrientations_iPad = "UIInterfaceOrientationPortrait UIInterfaceOrientationPortraitUpsideDown UIInterfaceOrientationLandscapeLeft UIInterfaceOrientationLandscapeRight";
				INFOPLIST_KEY_UISupportedInterfaceOrientations_iPhone = "UIInterfaceOrientationPortrait UIInterfaceOrientationLandscapeLeft UIInterfaceOrientationLandscapeRight";
				LD_RUNPATH_SEARCH_PATHS = (
					"$(inherited)",
					"@executable_path/Frameworks",
				);
				MARKETING_VERSION = 1.0;
				PRODUCT_BUNDLE_IDENTIFIER = com.blueinfy.foo;
				PRODUCT_NAME = "$(TARGET_NAME)";
				SWIFT_EMIT_LOC_STRINGS = YES;
				SWIFT_VERSION = 5.0;
				TARGETED_DEVICE_FAMILY = "1,2";
			};
			name = Release;
		};
		4A5D5F8B2C76232600EF5898 /* Debug */ = {
			isa = XCBuildConfiguration;
			buildSettings = {
				ALWAYS_EMBED_SWIFT_STANDARD_LIBRARIES = YES;
				BUNDLE_LOADER = "$(TEST_HOST)";
				CODE_SIGN_STYLE = Automatic;
				CURRENT_PROJECT_VERSION = 1;
				DEVELOPMENT_TEAM = 4MU6QM22C8;
				GENERATE_INFOPLIST_FILE = YES;
				IPHONEOS_DEPLOYMENT_TARGET = 17.5;
				MARKETING_VERSION = 1.0;
				PRODUCT_BUNDLE_IDENTIFIER = com.blueinfy.fooTests;
				PRODUCT_NAME = "$(TARGET_NAME)";
				SWIFT_EMIT_LOC_STRINGS = NO;
				SWIFT_VERSION = 5.0;
				TARGETED_DEVICE_FAMILY = "1,2";
				TEST_HOST = "$(BUILT_PRODUCTS_DIR)/foo.app/$(BUNDLE_EXECUTABLE_FOLDER_PATH)/foo";
			};
			name = Debug;
		};
		4A5D5F8C2C76232600EF5898 /* Release */ = {
			isa = XCBuildConfiguration;
			buildSettings = {
				ALWAYS_EMBED_SWIFT_STANDARD_LIBRARIES = YES;
				BUNDLE_LOADER = "$(TEST_HOST)";
				CODE_SIGN_STYLE = Automatic;
				CURRENT_PROJECT_VERSION = 1;
				DEVELOPMENT_TEAM = 4MU6QM22C8;
				GENERATE_INFOPLIST_FILE = YES;
				IPHONEOS_DEPLOYMENT_TARGET = 17.5;
				MARKETING_VERSION = 1.0;
				PRODUCT_BUNDLE_IDENTIFIER = com.blueinfy.fooTests;
				PRODUCT_NAME = "$(TARGET_NAME)";
				SWIFT_EMIT_LOC_STRINGS = NO;
				SWIFT_VERSION = 5.0;
				TARGETED_DEVICE_FAMILY = "1,2";
				TEST_HOST = "$(BUILT_PRODUCTS_DIR)/foo.app/$(BUNDLE_EXECUTABLE_FOLDER_PATH)/foo";
			};
			name = Release;
		};
		4A5D5F8E2C76232600EF5898 /* Debug */ = {
			isa = XCBuildConfiguration;
			buildSettings = {
				ALWAYS_EMBED_SWIFT_STANDARD_LIBRARIES = YES;
				CODE_SIGN_STYLE = Automatic;
				CURRENT_PROJECT_VERSION = 1;
				DEVELOPMENT_TEAM = 4MU6QM22C8;
				GENERATE_INFOPLIST_FILE = YES;
				MARKETING_VERSION = 1.0;
				PRODUCT_BUNDLE_IDENTIFIER = com.blueinfy.fooUITests;
				PRODUCT_NAME = "$(TARGET_NAME)";
				SWIFT_EMIT_LOC_STRINGS = NO;
				SWIFT_VERSION = 5.0;
				TARGETED_DEVICE_FAMILY = "1,2";
				TEST_TARGET_NAME = foo;
			};
			name = Debug;
		};
		4A5D5F8F2C76232600EF5898 /* Release */ = {
			isa = XCBuildConfiguration;
			buildSettings = {
				ALWAYS_EMBED_SWIFT_STANDARD_LIBRARIES = YES;
				CODE_SIGN_STYLE = Automatic;
				CURRENT_PROJECT_VERSION = 1;
				DEVELOPMENT_TEAM = 4MU6QM22C8;
				GENERATE_INFOPLIST_FILE = YES;
				MARKETING_VERSION = 1.0;
				PRODUCT_BUNDLE_IDENTIFIER = com.blueinfy.fooUITests;
				PRODUCT_NAME = "$(TARGET_NAME)";
				SWIFT_EMIT_LOC_STRINGS = NO;
				SWIFT_VERSION = 5.0;
				TARGETED_DEVICE_FAMILY = "1,2";
				TEST_TARGET_NAME = foo;
			};
			name = Release;
		};
/* End XCBuildConfiguration section */

/* Begin XCConfigurationList section */
		4A5D5F5E2C76232500EF5898 /* Build configuration list for PBXProject "foo" */ = {
			isa = XCConfigurationList;
			buildConfigurations = (
				4A5D5F852C76232600EF5898 /* Debug */,
				4A5D5F862C76232600EF5898 /* Release */,
			);
			defaultConfigurationIsVisible = 0;
			defaultConfigurationName = Release;
		};
		4A5D5F872C76232600EF5898 /* Build configuration list for PBXNativeTarget "foo" */ = {
			isa = XCConfigurationList;
			buildConfigurations = (
				4A5D5F882C76232600EF5898 /* Debug */,
				4A5D5F892C76232600EF5898 /* Release */,
			);
			defaultConfigurationIsVisible = 0;
			defaultConfigurationName = Release;
		};
		4A5D5F8A2C76232600EF5898 /* Build configuration list for PBXNativeTarget "fooTests" */ = {
			isa = XCConfigurationList;
			buildConfigurations = (
				4A5D5F8B2C76232600EF5898 /* Debug */,
				4A5D5F8C2C76232600EF5898 /* Release */,
			);
			defaultConfigurationIsVisible = 0;
			defaultConfigurationName = Release;
		};
		4A5D5F8D2C76232600EF5898 /* Build configuration list for PBXNativeTarget "fooUITests" */ = {
			isa = XCConfigurationList;
			buildConfigurations = (
				4A5D5F8E2C76232600EF5898 /* Debug */,
				4A5D5F8F2C76232600EF5898 /* Release */,
			);
			defaultConfigurationIsVisible = 0;
			defaultConfigurationName = Release;
		};
/* End XCConfigurationList section */
	};
	rootObject = 4A5D5F5B2C76232500EF5898 /* Project object */;
}
